
Microsoft Visual Studio Solution File, Format Version 12.00
# Visual Studio 14
VisualStudioVersion = 14.0.25420.1
MinimumVisualStudioVersion = 10.0.40219.1
Project("{FAE04EC0-301F-11D3-BF4B-00C04F79EFBC}") = "DuckDuckGoForms", "DuckDuckGoForms\DuckDuckGoForms\DuckDuckGoForms.csproj", "{82BEEE8C-C48D-4600-B172-6CABAC61F06C}"
EndProject
Project("{FAE04EC0-301F-11D3-BF4B-00C04F79EFBC}") = "DuckDuckGoForms.Droid", "DuckDuckGoForms\DuckDuckGoForms.Droid\DuckDuckGoForms.Droid.csproj", "{8888A5DC-EC1D-4029-BC43-526F8C02E22B}"
EndProject
Project("{FAE04EC0-301F-11D3-BF4B-00C04F79EFBC}") = "DuckDuckGoForms.iOS", "DuckDuckGoForms\DuckDuckGoForms.iOS\DuckDuckGoForms.iOS.csproj", "{A97948F3-7424-4F51-8B2C-9102E8F2344A}"
EndProject
Project("{FAE04EC0-301F-11D3-BF4B-00C04F79EFBC}") = "DuckDuckGoForms.WinPhone", "DuckDuckGoForms\DuckDuckGoForms.WinPhone\DuckDuckGoForms.WinPhone.csproj", "{B3B16882-2149-4196-A9BE-3F5291BE7EF4}"
EndProject
Project("{FAE04EC0-301F-11D3-BF4B-00C04F79EFBC}") = "DuckDuckGoForms.Windows", "DuckDuckGoForms\DuckDuckGoForms.Windows\DuckDuckGoForms.Windows.csproj", "{D19E0A04-1727-4D64-A619-A12AB073757A}"
EndProject
Global
	GlobalSection(SolutionConfigurationPlatforms) = preSolution
		Ad-Hoc|Any CPU = Ad-Hoc|Any CPU
		Ad-Hoc|ARM = Ad-Hoc|ARM
		Ad-Hoc|iPhone = Ad-Hoc|iPhone
		Ad-Hoc|iPhoneSimulator = Ad-Hoc|iPhoneSimulator
		Ad-Hoc|x64 = Ad-Hoc|x64
		Ad-Hoc|x86 = Ad-Hoc|x86
		AppStore|Any CPU = AppStore|Any CPU
		AppStore|ARM = AppStore|ARM
		AppStore|iPhone = AppStore|iPhone
		AppStore|iPhoneSimulator = AppStore|iPhoneSimulator
		AppStore|x64 = AppStore|x64
		AppStore|x86 = AppStore|x86
		Debug|Any CPU = Debug|Any CPU
		Debug|ARM = Debug|ARM
		Debug|iPhone = Debug|iPhone
		Debug|iPhoneSimulator = Debug|iPhoneSimulator
		Debug|x64 = Debug|x64
		Debug|x86 = Debug|x86
		Release|Any CPU = Release|Any CPU
		Release|ARM = Release|ARM
		Release|iPhone = Release|iPhone
		Release|iPhoneSimulator = Release|iPhoneSimulator
		Release|x64 = Release|x64
		Release|x86 = Release|x86
	EndGlobalSection
	GlobalSection(ProjectConfigurationPlatforms) = postSolution
		{82BEEE8C-C48D-4600-B172-6CABAC61F06C}.Ad-Hoc|Any CPU.ActiveCfg = Release|Any CPU
		{82BEEE8C-C48D-4600-B172-6CABAC61F06C}.Ad-Hoc|Any CPU.Build.0 = Release|Any CPU
		{82BEEE8C-C48D-4600-B172-6CABAC61F06C}.Ad-Hoc|ARM.ActiveCfg = Release|Any CPU
		{82BEEE8C-C48D-4600-B172-6CABAC61F06C}.Ad-Hoc|ARM.Build.0 = Release|Any CPU
		{82BEEE8C-C48D-4600-B172-6CABAC61F06C}.Ad-Hoc|iPhone.ActiveCfg = Release|Any CPU
		{82BEEE8C-C48D-4600-B172-6CABAC61F06C}.Ad-Hoc|iPhone.Build.0 = Release|Any CPU
		{82BEEE8C-C48D-4600-B172-6CABAC61F06C}.Ad-Hoc|iPhoneSimulator.ActiveCfg = Release|Any CPU
		{82BEEE8C-C48D-4600-B172-6CABAC61F06C}.Ad-Hoc|iPhoneSimulator.Build.0 = Release|Any CPU
		{82BEEE8C-C48D-4600-B172-6CABAC61F06C}.Ad-Hoc|x64.ActiveCfg = Release|Any CPU
		{82BEEE8C-C48D-4600-B172-6CABAC61F06C}.Ad-Hoc|x64.Build.0 = Release|Any CPU
		{82BEEE8C-C48D-4600-B172-6CABAC61F06C}.Ad-Hoc|x86.ActiveCfg = Release|Any CPU
		{82BEEE8C-C48D-4600-B172-6CABAC61F06C}.Ad-Hoc|x86.Build.0 = Release|Any CPU
		{82BEEE8C-C48D-4600-B172-6CABAC61F06C}.AppStore|Any CPU.ActiveCfg = Release|Any CPU
		{82BEEE8C-C48D-4600-B172-6CABAC61F06C}.AppStore|Any CPU.Build.0 = Release|Any CPU
		{82BEEE8C-C48D-4600-B172-6CABAC61F06C}.AppStore|ARM.ActiveCfg = Release|Any CPU
		{82BEEE8C-C48D-4600-B172-6CABAC61F06C}.AppStore|ARM.Build.0 = Release|Any CPU
		{82BEEE8C-C48D-4600-B172-6CABAC61F06C}.AppStore|iPhone.ActiveCfg = Release|Any CPU
		{82BEEE8C-C48D-4600-B172-6CABAC61F06C}.AppStore|iPhone.Build.0 = Release|Any CPU
		{82BEEE8C-C48D-4600-B172-6CABAC61F06C}.AppStore|iPhoneSimulator.ActiveCfg = Release|Any CPU
		{82BEEE8C-C48D-4600-B172-6CABAC61F06C}.AppStore|iPhoneSimulator.Build.0 = Release|Any CPU
		{82BEEE8C-C48D-4600-B172-6CABAC61F06C}.AppStore|x64.ActiveCfg = Release|Any CPU
		{82BEEE8C-C48D-4600-B172-6CABAC61F06C}.AppStore|x64.Build.0 = Release|Any CPU
		{82BEEE8C-C48D-4600-B172-6CABAC61F06C}.AppStore|x86.ActiveCfg = Release|Any CPU
		{82BEEE8C-C48D-4600-B172-6CABAC61F06C}.AppStore|x86.Build.0 = Release|Any CPU
		{82BEEE8C-C48D-4600-B172-6CABAC61F06C}.Debug|Any CPU.ActiveCfg = Debug|Any CPU
		{82BEEE8C-C48D-4600-B172-6CABAC61F06C}.Debug|Any CPU.Build.0 = Debug|Any CPU
		{82BEEE8C-C48D-4600-B172-6CABAC61F06C}.Debug|ARM.ActiveCfg = Debug|Any CPU
		{82BEEE8C-C48D-4600-B172-6CABAC61F06C}.Debug|ARM.Build.0 = Debug|Any CPU
		{82BEEE8C-C48D-4600-B172-6CABAC61F06C}.Debug|iPhone.ActiveCfg = Debug|Any CPU
		{82BEEE8C-C48D-4600-B172-6CABAC61F06C}.Debug|iPhone.Build.0 = Debug|Any CPU
		{82BEEE8C-C48D-4600-B172-6CABAC61F06C}.Debug|iPhoneSimulator.ActiveCfg = Debug|Any CPU
		{82BEEE8C-C48D-4600-B172-6CABAC61F06C}.Debug|iPhoneSimulator.Build.0 = Debug|Any CPU
		{82BEEE8C-C48D-4600-B172-6CABAC61F06C}.Debug|x64.ActiveCfg = Debug|Any CPU
		{82BEEE8C-C48D-4600-B172-6CABAC61F06C}.Debug|x64.Build.0 = Debug|Any CPU
		{82BEEE8C-C48D-4600-B172-6CABAC61F06C}.Debug|x86.ActiveCfg = Debug|Any CPU
		{82BEEE8C-C48D-4600-B172-6CABAC61F06C}.Debug|x86.Build.0 = Debug|Any CPU
		{82BEEE8C-C48D-4600-B172-6CABAC61F06C}.Release|Any CPU.ActiveCfg = Release|Any CPU
		{82BEEE8C-C48D-4600-B172-6CABAC61F06C}.Release|Any CPU.Build.0 = Release|Any CPU
		{82BEEE8C-C48D-4600-B172-6CABAC61F06C}.Release|ARM.ActiveCfg = Release|Any CPU
		{82BEEE8C-C48D-4600-B172-6CABAC61F06C}.Release|ARM.Build.0 = Release|Any CPU
		{82BEEE8C-C48D-4600-B172-6CABAC61F06C}.Release|iPhone.ActiveCfg = Release|Any CPU
		{82BEEE8C-C48D-4600-B172-6CABAC61F06C}.Release|iPhone.Build.0 = Release|Any CPU
		{82BEEE8C-C48D-4600-B172-6CABAC61F06C}.Release|iPhoneSimulator.ActiveCfg = Release|Any CPU
		{82BEEE8C-C48D-4600-B172-6CABAC61F06C}.Release|iPhoneSimulator.Build.0 = Release|Any CPU
		{82BEEE8C-C48D-4600-B172-6CABAC61F06C}.Release|x64.ActiveCfg = Release|Any CPU
		{82BEEE8C-C48D-4600-B172-6CABAC61F06C}.Release|x64.Build.0 = Release|Any CPU
		{82BEEE8C-C48D-4600-B172-6CABAC61F06C}.Release|x86.ActiveCfg = Release|Any CPU
		{82BEEE8C-C48D-4600-B172-6CABAC61F06C}.Release|x86.Build.0 = Release|Any CPU
		{8888A5DC-EC1D-4029-BC43-526F8C02E22B}.Ad-Hoc|Any CPU.ActiveCfg = Release|Any CPU
		{8888A5DC-EC1D-4029-BC43-526F8C02E22B}.Ad-Hoc|Any CPU.Build.0 = Release|Any CPU
		{8888A5DC-EC1D-4029-BC43-526F8C02E22B}.Ad-Hoc|Any CPU.Deploy.0 = Release|Any CPU
		{8888A5DC-EC1D-4029-BC43-526F8C02E22B}.Ad-Hoc|ARM.ActiveCfg = Release|Any CPU
		{8888A5DC-EC1D-4029-BC43-526F8C02E22B}.Ad-Hoc|ARM.Build.0 = Release|Any CPU
		{8888A5DC-EC1D-4029-BC43-526F8C02E22B}.Ad-Hoc|ARM.Deploy.0 = Release|Any CPU
		{8888A5DC-EC1D-4029-BC43-526F8C02E22B}.Ad-Hoc|iPhone.ActiveCfg = Release|Any CPU
		{8888A5DC-EC1D-4029-BC43-526F8C02E22B}.Ad-Hoc|iPhone.Build.0 = Release|Any CPU
		{8888A5DC-EC1D-4029-BC43-526F8C02E22B}.Ad-Hoc|iPhone.Deploy.0 = Release|Any CPU
		{8888A5DC-EC1D-4029-BC43-526F8C02E22B}.Ad-Hoc|iPhoneSimulator.ActiveCfg = Release|Any CPU
		{8888A5DC-EC1D-4029-BC43-526F8C02E22B}.Ad-Hoc|iPhoneSimulator.Build.0 = Release|Any CPU
		{8888A5DC-EC1D-4029-BC43-526F8C02E22B}.Ad-Hoc|iPhoneSimulator.Deploy.0 = Release|Any CPU
		{8888A5DC-EC1D-4029-BC43-526F8C02E22B}.Ad-Hoc|x64.ActiveCfg = Release|Any CPU
		{8888A5DC-EC1D-4029-BC43-526F8C02E22B}.Ad-Hoc|x64.Build.0 = Release|Any CPU
		{8888A5DC-EC1D-4029-BC43-526F8C02E22B}.Ad-Hoc|x64.Deploy.0 = Release|Any CPU
		{8888A5DC-EC1D-4029-BC43-526F8C02E22B}.Ad-Hoc|x86.ActiveCfg = Release|Any CPU
		{8888A5DC-EC1D-4029-BC43-526F8C02E22B}.Ad-Hoc|x86.Build.0 = Release|Any CPU
		{8888A5DC-EC1D-4029-BC43-526F8C02E22B}.Ad-Hoc|x86.Deploy.0 = Release|Any CPU
		{8888A5DC-EC1D-4029-BC43-526F8C02E22B}.AppStore|Any CPU.ActiveCfg = Release|Any CPU
		{8888A5DC-EC1D-4029-BC43-526F8C02E22B}.AppStore|Any CPU.Build.0 = Release|Any CPU
		{8888A5DC-EC1D-4029-BC43-526F8C02E22B}.AppStore|Any CPU.Deploy.0 = Release|Any CPU
		{8888A5DC-EC1D-4029-BC43-526F8C02E22B}.AppStore|ARM.ActiveCfg = Release|Any CPU
		{8888A5DC-EC1D-4029-BC43-526F8C02E22B}.AppStore|ARM.Build.0 = Release|Any CPU
		{8888A5DC-EC1D-4029-BC43-526F8C02E22B}.AppStore|ARM.Deploy.0 = Release|Any CPU
		{8888A5DC-EC1D-4029-BC43-526F8C02E22B}.AppStore|iPhone.ActiveCfg = Release|Any CPU
		{8888A5DC-EC1D-4029-BC43-526F8C02E22B}.AppStore|iPhone.Build.0 = Release|Any CPU
		{8888A5DC-EC1D-4029-BC43-526F8C02E22B}.AppStore|iPhone.Deploy.0 = Release|Any CPU
		{8888A5DC-EC1D-4029-BC43-526F8C02E22B}.AppStore|iPhoneSimulator.ActiveCfg = Release|Any CPU
		{8888A5DC-EC1D-4029-BC43-526F8C02E22B}.AppStore|iPhoneSimulator.Build.0 = Release|Any CPU
		{8888A5DC-EC1D-4029-BC43-526F8C02E22B}.AppStore|iPhoneSimulator.Deploy.0 = Release|Any CPU
		{8888A5DC-EC1D-4029-BC43-526F8C02E22B}.AppStore|x64.ActiveCfg = Release|Any CPU
		{8888A5DC-EC1D-4029-BC43-526F8C02E22B}.AppStore|x64.Build.0 = Release|Any CPU
		{8888A5DC-EC1D-4029-BC43-526F8C02E22B}.AppStore|x64.Deploy.0 = Release|Any CPU
		{8888A5DC-EC1D-4029-BC43-526F8C02E22B}.AppStore|x86.ActiveCfg = Release|Any CPU
		{8888A5DC-EC1D-4029-BC43-526F8C02E22B}.AppStore|x86.Build.0 = Release|Any CPU
		{8888A5DC-EC1D-4029-BC43-526F8C02E22B}.AppStore|x86.Deploy.0 = Release|Any CPU
		{8888A5DC-EC1D-4029-BC43-526F8C02E22B}.Debug|Any CPU.ActiveCfg = Debug|Any CPU
		{8888A5DC-EC1D-4029-BC43-526F8C02E22B}.Debug|Any CPU.Build.0 = Debug|Any CPU
		{8888A5DC-EC1D-4029-BC43-526F8C02E22B}.Debug|Any CPU.Deploy.0 = Debug|Any CPU
		{8888A5DC-EC1D-4029-BC43-526F8C02E22B}.Debug|ARM.ActiveCfg = Debug|Any CPU
		{8888A5DC-EC1D-4029-BC43-526F8C02E22B}.Debug|ARM.Build.0 = Debug|Any CPU
		{8888A5DC-EC1D-4029-BC43-526F8C02E22B}.Debug|ARM.Deploy.0 = Debug|Any CPU
		{8888A5DC-EC1D-4029-BC43-526F8C02E22B}.Debug|iPhone.ActiveCfg = Debug|Any CPU
		{8888A5DC-EC1D-4029-BC43-526F8C02E22B}.Debug|iPhone.Build.0 = Debug|Any CPU
		{8888A5DC-EC1D-4029-BC43-526F8C02E22B}.Debug|iPhone.Deploy.0 = Debug|Any CPU
		{8888A5DC-EC1D-4029-BC43-526F8C02E22B}.Debug|iPhoneSimulator.ActiveCfg = Debug|Any CPU
		{8888A5DC-EC1D-4029-BC43-526F8C02E22B}.Debug|iPhoneSimulator.Build.0 = Debug|Any CPU
		{8888A5DC-EC1D-4029-BC43-526F8C02E22B}.Debug|iPhoneSimulator.Deploy.0 = Debug|Any CPU
		{8888A5DC-EC1D-4029-BC43-526F8C02E22B}.Debug|x64.ActiveCfg = Debug|Any CPU
		{8888A5DC-EC1D-4029-BC43-526F8C02E22B}.Debug|x64.Build.0 = Debug|Any CPU
		{8888A5DC-EC1D-4029-BC43-526F8C02E22B}.Debug|x64.Deploy.0 = Debug|Any CPU
		{8888A5DC-EC1D-4029-BC43-526F8C02E22B}.Debug|x86.ActiveCfg = Debug|Any CPU
		{8888A5DC-EC1D-4029-BC43-526F8C02E22B}.Debug|x86.Build.0 = Debug|Any CPU
		{8888A5DC-EC1D-4029-BC43-526F8C02E22B}.Debug|x86.Deploy.0 = Debug|Any CPU
		{8888A5DC-EC1D-4029-BC43-526F8C02E22B}.Release|Any CPU.ActiveCfg = Release|Any CPU
		{8888A5DC-EC1D-4029-BC43-526F8C02E22B}.Release|Any CPU.Build.0 = Release|Any CPU
		{8888A5DC-EC1D-4029-BC43-526F8C02E22B}.Release|Any CPU.Deploy.0 = Release|Any CPU
		{8888A5DC-EC1D-4029-BC43-526F8C02E22B}.Release|ARM.ActiveCfg = Release|Any CPU
		{8888A5DC-EC1D-4029-BC43-526F8C02E22B}.Release|ARM.Build.0 = Release|Any CPU
		{8888A5DC-EC1D-4029-BC43-526F8C02E22B}.Release|ARM.Deploy.0 = Release|Any CPU
		{8888A5DC-EC1D-4029-BC43-526F8C02E22B}.Release|iPhone.ActiveCfg = Release|Any CPU
		{8888A5DC-EC1D-4029-BC43-526F8C02E22B}.Release|iPhone.Build.0 = Release|Any CPU
		{8888A5DC-EC1D-4029-BC43-526F8C02E22B}.Release|iPhone.Deploy.0 = Release|Any CPU
		{8888A5DC-EC1D-4029-BC43-526F8C02E22B}.Release|iPhoneSimulator.ActiveCfg = Release|Any CPU
		{8888A5DC-EC1D-4029-BC43-526F8C02E22B}.Release|iPhoneSimulator.Build.0 = Release|Any CPU
		{8888A5DC-EC1D-4029-BC43-526F8C02E22B}.Release|iPhoneSimulator.Deploy.0 = Release|Any CPU
		{8888A5DC-EC1D-4029-BC43-526F8C02E22B}.Release|x64.ActiveCfg = Release|Any CPU
		{8888A5DC-EC1D-4029-BC43-526F8C02E22B}.Release|x64.Build.0 = Release|Any CPU
		{8888A5DC-EC1D-4029-BC43-526F8C02E22B}.Release|x64.Deploy.0 = Release|Any CPU
		{8888A5DC-EC1D-4029-BC43-526F8C02E22B}.Release|x86.ActiveCfg = Release|Any CPU
		{8888A5DC-EC1D-4029-BC43-526F8C02E22B}.Release|x86.Build.0 = Release|Any CPU
		{8888A5DC-EC1D-4029-BC43-526F8C02E22B}.Release|x86.Deploy.0 = Release|Any CPU
		{A97948F3-7424-4F51-8B2C-9102E8F2344A}.Ad-Hoc|Any CPU.ActiveCfg = Ad-Hoc|iPhone
		{A97948F3-7424-4F51-8B2C-9102E8F2344A}.Ad-Hoc|ARM.ActiveCfg = Ad-Hoc|iPhone
		{A97948F3-7424-4F51-8B2C-9102E8F2344A}.Ad-Hoc|iPhone.ActiveCfg = Ad-Hoc|iPhone
		{A97948F3-7424-4F51-8B2C-9102E8F2344A}.Ad-Hoc|iPhone.Build.0 = Ad-Hoc|iPhone
		{A97948F3-7424-4F51-8B2C-9102E8F2344A}.Ad-Hoc|iPhoneSimulator.ActiveCfg = Ad-Hoc|iPhoneSimulator
		{A97948F3-7424-4F51-8B2C-9102E8F2344A}.Ad-Hoc|iPhoneSimulator.Build.0 = Ad-Hoc|iPhoneSimulator
		{A97948F3-7424-4F51-8B2C-9102E8F2344A}.Ad-Hoc|x64.ActiveCfg = Ad-Hoc|iPhone
		{A97948F3-7424-4F51-8B2C-9102E8F2344A}.Ad-Hoc|x86.ActiveCfg = Ad-Hoc|iPhone
		{A97948F3-7424-4F51-8B2C-9102E8F2344A}.AppStore|Any CPU.ActiveCfg = AppStore|iPhone
		{A97948F3-7424-4F51-8B2C-9102E8F2344A}.AppStore|ARM.ActiveCfg = AppStore|iPhone
		{A97948F3-7424-4F51-8B2C-9102E8F2344A}.AppStore|iPhone.ActiveCfg = AppStore|iPhone
		{A97948F3-7424-4F51-8B2C-9102E8F2344A}.AppStore|iPhone.Build.0 = AppStore|iPhone
		{A97948F3-7424-4F51-8B2C-9102E8F2344A}.AppStore|iPhoneSimulator.ActiveCfg = AppStore|iPhoneSimulator
		{A97948F3-7424-4F51-8B2C-9102E8F2344A}.AppStore|iPhoneSimulator.Build.0 = AppStore|iPhoneSimulator
		{A97948F3-7424-4F51-8B2C-9102E8F2344A}.AppStore|x64.ActiveCfg = AppStore|iPhone
		{A97948F3-7424-4F51-8B2C-9102E8F2344A}.AppStore|x86.ActiveCfg = AppStore|iPhone
		{A97948F3-7424-4F51-8B2C-9102E8F2344A}.Debug|Any CPU.ActiveCfg = Debug|iPhone
		{A97948F3-7424-4F51-8B2C-9102E8F2344A}.Debug|ARM.ActiveCfg = Debug|iPhone
		{A97948F3-7424-4F51-8B2C-9102E8F2344A}.Debug|iPhone.ActiveCfg = Debug|iPhone
		{A97948F3-7424-4F51-8B2C-9102E8F2344A}.Debug|iPhone.Build.0 = Debug|iPhone
		{A97948F3-7424-4F51-8B2C-9102E8F2344A}.Debug|iPhoneSimulator.ActiveCfg = Debug|iPhoneSimulator
		{A97948F3-7424-4F51-8B2C-9102E8F2344A}.Debug|iPhoneSimulator.Build.0 = Debug|iPhoneSimulator
		{A97948F3-7424-4F51-8B2C-9102E8F2344A}.Debug|x64.ActiveCfg = Debug|iPhone
		{A97948F3-7424-4F51-8B2C-9102E8F2344A}.Debug|x86.ActiveCfg = Debug|iPhone
		{A97948F3-7424-4F51-8B2C-9102E8F2344A}.Release|Any CPU.ActiveCfg = Release|iPhone
		{A97948F3-7424-4F51-8B2C-9102E8F2344A}.Release|ARM.ActiveCfg = Release|iPhone
		{A97948F3-7424-4F51-8B2C-9102E8F2344A}.Release|iPhone.ActiveCfg = Release|iPhone
		{A97948F3-7424-4F51-8B2C-9102E8F2344A}.Release|iPhone.Build.0 = Release|iPhone
		{A97948F3-7424-4F51-8B2C-9102E8F2344A}.Release|iPhoneSimulator.ActiveCfg = Release|iPhoneSimulator
		{A97948F3-7424-4F51-8B2C-9102E8F2344A}.Release|iPhoneSimulator.Build.0 = Release|iPhoneSimulator
		{A97948F3-7424-4F51-8B2C-9102E8F2344A}.Release|x64.ActiveCfg = Release|iPhone
		{A97948F3-7424-4F51-8B2C-9102E8F2344A}.Release|x86.ActiveCfg = Release|iPhone
		{B3B16882-2149-4196-A9BE-3F5291BE7EF4}.Ad-Hoc|Any CPU.ActiveCfg = Release|Any CPU
		{B3B16882-2149-4196-A9BE-3F5291BE7EF4}.Ad-Hoc|Any CPU.Build.0 = Release|Any CPU
		{B3B16882-2149-4196-A9BE-3F5291BE7EF4}.Ad-Hoc|Any CPU.Deploy.0 = Release|Any CPU
		{B3B16882-2149-4196-A9BE-3F5291BE7EF4}.Ad-Hoc|ARM.ActiveCfg = Release|ARM
		{B3B16882-2149-4196-A9BE-3F5291BE7EF4}.Ad-Hoc|ARM.Build.0 = Release|ARM
		{B3B16882-2149-4196-A9BE-3F5291BE7EF4}.Ad-Hoc|ARM.Deploy.0 = Release|ARM
		{B3B16882-2149-4196-A9BE-3F5291BE7EF4}.Ad-Hoc|iPhone.ActiveCfg = Release|Any CPU
		{B3B16882-2149-4196-A9BE-3F5291BE7EF4}.Ad-Hoc|iPhone.Build.0 = Release|Any CPU
		{B3B16882-2149-4196-A9BE-3F5291BE7EF4}.Ad-Hoc|iPhone.Deploy.0 = Release|Any CPU
		{B3B16882-2149-4196-A9BE-3F5291BE7EF4}.Ad-Hoc|iPhoneSimulator.ActiveCfg = Release|Any CPU
		{B3B16882-2149-4196-A9BE-3F5291BE7EF4}.Ad-Hoc|iPhoneSimulator.Build.0 = Release|Any CPU
		{B3B16882-2149-4196-A9BE-3F5291BE7EF4}.Ad-Hoc|iPhoneSimulator.Deploy.0 = Release|Any CPU
		{B3B16882-2149-4196-A9BE-3F5291BE7EF4}.Ad-Hoc|x64.ActiveCfg = Release|Any CPU
		{B3B16882-2149-4196-A9BE-3F5291BE7EF4}.Ad-Hoc|x64.Build.0 = Release|Any CPU
		{B3B16882-2149-4196-A9BE-3F5291BE7EF4}.Ad-Hoc|x64.Deploy.0 = Release|Any CPU
		{B3B16882-2149-4196-A9BE-3F5291BE7EF4}.Ad-Hoc|x86.ActiveCfg = Release|x86
		{B3B16882-2149-4196-A9BE-3F5291BE7EF4}.Ad-Hoc|x86.Build.0 = Release|x86
		{B3B16882-2149-4196-A9BE-3F5291BE7EF4}.Ad-Hoc|x86.Deploy.0 = Release|x86
		{B3B16882-2149-4196-A9BE-3F5291BE7EF4}.AppStore|Any CPU.ActiveCfg = Release|Any CPU
		{B3B16882-2149-4196-A9BE-3F5291BE7EF4}.AppStore|Any CPU.Build.0 = Release|Any CPU
		{B3B16882-2149-4196-A9BE-3F5291BE7EF4}.AppStore|Any CPU.Deploy.0 = Release|Any CPU
		{B3B16882-2149-4196-A9BE-3F5291BE7EF4}.AppStore|ARM.ActiveCfg = Release|ARM
		{B3B16882-2149-4196-A9BE-3F5291BE7EF4}.AppStore|ARM.Build.0 = Release|ARM
		{B3B16882-2149-4196-A9BE-3F5291BE7EF4}.AppStore|ARM.Deploy.0 = Release|ARM
		{B3B16882-2149-4196-A9BE-3F5291BE7EF4}.AppStore|iPhone.ActiveCfg = Release|Any CPU
		{B3B16882-2149-4196-A9BE-3F5291BE7EF4}.AppStore|iPhone.Build.0 = Release|Any CPU
		{B3B16882-2149-4196-A9BE-3F5291BE7EF4}.AppStore|iPhone.Deploy.0 = Release|Any CPU
		{B3B16882-2149-4196-A9BE-3F5291BE7EF4}.AppStore|iPhoneSimulator.ActiveCfg = Release|Any CPU
		{B3B16882-2149-4196-A9BE-3F5291BE7EF4}.AppStore|iPhoneSimulator.Build.0 = Release|Any CPU
		{B3B16882-2149-4196-A9BE-3F5291BE7EF4}.AppStore|iPhoneSimulator.Deploy.0 = Release|Any CPU
		{B3B16882-2149-4196-A9BE-3F5291BE7EF4}.AppStore|x64.ActiveCfg = Release|Any CPU
		{B3B16882-2149-4196-A9BE-3F5291BE7EF4}.AppStore|x64.Build.0 = Release|Any CPU
		{B3B16882-2149-4196-A9BE-3F5291BE7EF4}.AppStore|x64.Deploy.0 = Release|Any CPU
		{B3B16882-2149-4196-A9BE-3F5291BE7EF4}.AppStore|x86.ActiveCfg = Release|x86
		{B3B16882-2149-4196-A9BE-3F5291BE7EF4}.AppStore|x86.Build.0 = Release|x86
		{B3B16882-2149-4196-A9BE-3F5291BE7EF4}.AppStore|x86.Deploy.0 = Release|x86
		{B3B16882-2149-4196-A9BE-3F5291BE7EF4}.Debug|Any CPU.ActiveCfg = Debug|Any CPU
		{B3B16882-2149-4196-A9BE-3F5291BE7EF4}.Debug|Any CPU.Build.0 = Debug|Any CPU
		{B3B16882-2149-4196-A9BE-3F5291BE7EF4}.Debug|Any CPU.Deploy.0 = Debug|Any CPU
		{B3B16882-2149-4196-A9BE-3F5291BE7EF4}.Debug|ARM.ActiveCfg = Debug|ARM
		{B3B16882-2149-4196-A9BE-3F5291BE7EF4}.Debug|ARM.Build.0 = Debug|ARM
		{B3B16882-2149-4196-A9BE-3F5291BE7EF4}.Debug|ARM.Deploy.0 = Debug|ARM
		{B3B16882-2149-4196-A9BE-3F5291BE7EF4}.Debug|iPhone.ActiveCfg = Debug|Any CPU
		{B3B16882-2149-4196-A9BE-3F5291BE7EF4}.Debug|iPhone.Build.0 = Debug|Any CPU
		{B3B16882-2149-4196-A9BE-3F5291BE7EF4}.Debug|iPhone.Deploy.0 = Debug|Any CPU
		{B3B16882-2149-4196-A9BE-3F5291BE7EF4}.Debug|iPhoneSimulator.ActiveCfg = Debug|Any CPU
		{B3B16882-2149-4196-A9BE-3F5291BE7EF4}.Debug|iPhoneSimulator.Build.0 = Debug|Any CPU
		{B3B16882-2149-4196-A9BE-3F5291BE7EF4}.Debug|iPhoneSimulator.Deploy.0 = Debug|Any CPU
		{B3B16882-2149-4196-A9BE-3F5291BE7EF4}.Debug|x64.ActiveCfg = Debug|Any CPU
		{B3B16882-2149-4196-A9BE-3F5291BE7EF4}.Debug|x64.Build.0 = Debug|Any CPU
		{B3B16882-2149-4196-A9BE-3F5291BE7EF4}.Debug|x64.Deploy.0 = Debug|Any CPU
		{B3B16882-2149-4196-A9BE-3F5291BE7EF4}.Debug|x86.ActiveCfg = Debug|x86
		{B3B16882-2149-4196-A9BE-3F5291BE7EF4}.Debug|x86.Build.0 = Debug|x86
		{B3B16882-2149-4196-A9BE-3F5291BE7EF4}.Debug|x86.Deploy.0 = Debug|x86
		{B3B16882-2149-4196-A9BE-3F5291BE7EF4}.Release|Any CPU.ActiveCfg = Release|Any CPU
		{B3B16882-2149-4196-A9BE-3F5291BE7EF4}.Release|Any CPU.Build.0 = Release|Any CPU
		{B3B16882-2149-4196-A9BE-3F5291BE7EF4}.Release|Any CPU.Deploy.0 = Release|Any CPU
		{B3B16882-2149-4196-A9BE-3F5291BE7EF4}.Release|ARM.ActiveCfg = Release|ARM
		{B3B16882-2149-4196-A9BE-3F5291BE7EF4}.Release|ARM.Build.0 = Release|ARM
		{B3B16882-2149-4196-A9BE-3F5291BE7EF4}.Release|ARM.Deploy.0 = Release|ARM
		{B3B16882-2149-4196-A9BE-3F5291BE7EF4}.Release|iPhone.ActiveCfg = Release|Any CPU
		{B3B16882-2149-4196-A9BE-3F5291BE7EF4}.Release|iPhone.Build.0 = Release|Any CPU
		{B3B16882-2149-4196-A9BE-3F5291BE7EF4}.Release|iPhone.Deploy.0 = Release|Any CPU
		{B3B16882-2149-4196-A9BE-3F5291BE7EF4}.Release|iPhoneSimulator.ActiveCfg = Release|Any CPU
		{B3B16882-2149-4196-A9BE-3F5291BE7EF4}.Release|iPhoneSimulator.Build.0 = Release|Any CPU
		{B3B16882-2149-4196-A9BE-3F5291BE7EF4}.Release|iPhoneSimulator.Deploy.0 = Release|Any CPU
		{B3B16882-2149-4196-A9BE-3F5291BE7EF4}.Release|x64.ActiveCfg = Release|Any CPU
		{B3B16882-2149-4196-A9BE-3F5291BE7EF4}.Release|x64.Build.0 = Release|Any CPU
		{B3B16882-2149-4196-A9BE-3F5291BE7EF4}.Release|x64.Deploy.0 = Release|Any CPU
		{B3B16882-2149-4196-A9BE-3F5291BE7EF4}.Release|x86.ActiveCfg = Release|x86
		{B3B16882-2149-4196-A9BE-3F5291BE7EF4}.Release|x86.Build.0 = Release|x86
		{B3B16882-2149-4196-A9BE-3F5291BE7EF4}.Release|x86.Deploy.0 = Release|x86
		{D19E0A04-1727-4D64-A619-A12AB073757A}.Ad-Hoc|Any CPU.ActiveCfg = Release|Any CPU
		{D19E0A04-1727-4D64-A619-A12AB073757A}.Ad-Hoc|Any CPU.Build.0 = Release|Any CPU
		{D19E0A04-1727-4D64-A619-A12AB073757A}.Ad-Hoc|Any CPU.Deploy.0 = Release|Any CPU
		{D19E0A04-1727-4D64-A619-A12AB073757A}.Ad-Hoc|ARM.ActiveCfg = Release|ARM
		{D19E0A04-1727-4D64-A619-A12AB073757A}.Ad-Hoc|ARM.Build.0 = Release|ARM
		{D19E0A04-1727-4D64-A619-A12AB073757A}.Ad-Hoc|ARM.Deploy.0 = Release|ARM
		{D19E0A04-1727-4D64-A619-A12AB073757A}.Ad-Hoc|iPhone.ActiveCfg = Release|Any CPU
		{D19E0A04-1727-4D64-A619-A12AB073757A}.Ad-Hoc|iPhone.Build.0 = Release|Any CPU
		{D19E0A04-1727-4D64-A619-A12AB073757A}.Ad-Hoc|iPhone.Deploy.0 = Release|Any CPU
		{D19E0A04-1727-4D64-A619-A12AB073757A}.Ad-Hoc|iPhoneSimulator.ActiveCfg = Release|Any CPU
		{D19E0A04-1727-4D64-A619-A12AB073757A}.Ad-Hoc|iPhoneSimulator.Build.0 = Release|Any CPU
		{D19E0A04-1727-4D64-A619-A12AB073757A}.Ad-Hoc|iPhoneSimulator.Deploy.0 = Release|Any CPU
		{D19E0A04-1727-4D64-A619-A12AB073757A}.Ad-Hoc|x64.ActiveCfg = Release|x64
		{D19E0A04-1727-4D64-A619-A12AB073757A}.Ad-Hoc|x64.Build.0 = Release|x64
		{D19E0A04-1727-4D64-A619-A12AB073757A}.Ad-Hoc|x64.Deploy.0 = Release|x64
		{D19E0A04-1727-4D64-A619-A12AB073757A}.Ad-Hoc|x86.ActiveCfg = Release|x86
		{D19E0A04-1727-4D64-A619-A12AB073757A}.Ad-Hoc|x86.Build.0 = Release|x86
		{D19E0A04-1727-4D64-A619-A12AB073757A}.Ad-Hoc|x86.Deploy.0 = Release|x86
		{D19E0A04-1727-4D64-A619-A12AB073757A}.AppStore|Any CPU.ActiveCfg = Release|Any CPU
		{D19E0A04-1727-4D64-A619-A12AB073757A}.AppStore|Any CPU.Build.0 = Release|Any CPU
		{D19E0A04-1727-4D64-A619-A12AB073757A}.AppStore|Any CPU.Deploy.0 = Release|Any CPU
		{D19E0A04-1727-4D64-A619-A12AB073757A}.AppStore|ARM.ActiveCfg = Release|ARM
		{D19E0A04-1727-4D64-A619-A12AB073757A}.AppStore|ARM.Build.0 = Release|ARM
		{D19E0A04-1727-4D64-A619-A12AB073757A}.AppStore|ARM.Deploy.0 = Release|ARM
		{D19E0A04-1727-4D64-A619-A12AB073757A}.AppStore|iPhone.ActiveCfg = Release|Any CPU
		{D19E0A04-1727-4D64-A619-A12AB073757A}.AppStore|iPhone.Build.0 = Release|Any CPU
		{D19E0A04-1727-4D64-A619-A12AB073757A}.AppStore|iPhone.Deploy.0 = Release|Any CPU
		{D19E0A04-1727-4D64-A619-A12AB073757A}.AppStore|iPhoneSimulator.ActiveCfg = Release|Any CPU
		{D19E0A04-1727-4D64-A619-A12AB073757A}.AppStore|iPhoneSimulator.Build.0 = Release|Any CPU
		{D19E0A04-1727-4D64-A619-A12AB073757A}.AppStore|iPhoneSimulator.Deploy.0 = Release|Any CPU
		{D19E0A04-1727-4D64-A619-A12AB073757A}.AppStore|x64.ActiveCfg = Release|x64
		{D19E0A04-1727-4D64-A619-A12AB073757A}.AppStore|x64.Build.0 = Release|x64
		{D19E0A04-1727-4D64-A619-A12AB073757A}.AppStore|x64.Deploy.0 = Release|x64
		{D19E0A04-1727-4D64-A619-A12AB073757A}.AppStore|x86.ActiveCfg = Release|x86
		{D19E0A04-1727-4D64-A619-A12AB073757A}.AppStore|x86.Build.0 = Release|x86
		{D19E0A04-1727-4D64-A619-A12AB073757A}.AppStore|x86.Deploy.0 = Release|x86
		{D19E0A04-1727-4D64-A619-A12AB073757A}.Debug|Any CPU.ActiveCfg = Debug|Any CPU
		{D19E0A04-1727-4D64-A619-A12AB073757A}.Debug|Any CPU.Build.0 = Debug|Any CPU
		{D19E0A04-1727-4D64-A619-A12AB073757A}.Debug|Any CPU.Deploy.0 = Debug|Any CPU
		{D19E0A04-1727-4D64-A619-A12AB073757A}.Debug|ARM.ActiveCfg = Debug|ARM
		{D19E0A04-1727-4D64-A619-A12AB073757A}.Debug|ARM.Build.0 = Debug|ARM
		{D19E0A04-1727-4D64-A619-A12AB073757A}.Debug|ARM.Deploy.0 = Debug|ARM
		{D19E0A04-1727-4D64-A619-A12AB073757A}.Debug|iPhone.ActiveCfg = Debug|Any CPU
		{D19E0A04-1727-4D64-A619-A12AB073757A}.Debug|iPhone.Build.0 = Debug|Any CPU
		{D19E0A04-1727-4D64-A619-A12AB073757A}.Debug|iPhone.Deploy.0 = Debug|Any CPU
		{D19E0A04-1727-4D64-A619-A12AB073757A}.Debug|iPhoneSimulator.ActiveCfg = Debug|Any CPU
		{D19E0A04-1727-4D64-A619-A12AB073757A}.Debug|iPhoneSimulator.Build.0 = Debug|Any CPU
		{D19E0A04-1727-4D64-A619-A12AB073757A}.Debug|iPhoneSimulator.Deploy.0 = Debug|Any CPU
		{D19E0A04-1727-4D64-A619-A12AB073757A}.Debug|x64.ActiveCfg = Debug|x64
		{D19E0A04-1727-4D64-A619-A12AB073757A}.Debug|x64.Build.0 = Debug|x64
		{D19E0A04-1727-4D64-A619-A12AB073757A}.Debug|x64.Deploy.0 = Debug|x64
		{D19E0A04-1727-4D64-A619-A12AB073757A}.Debug|x86.ActiveCfg = Debug|x86
		{D19E0A04-1727-4D64-A619-A12AB073757A}.Debug|x86.Build.0 = Debug|x86
		{D19E0A04-1727-4D64-A619-A12AB073757A}.Debug|x86.Deploy.0 = Debug|x86
		{D19E0A04-1727-4D64-A619-A12AB073757A}.Release|Any CPU.ActiveCfg = Release|Any CPU
		{D19E0A04-1727-4D64-A619-A12AB073757A}.Release|Any CPU.Build.0 = Release|Any CPU
		{D19E0A04-1727-4D64-A619-A12AB073757A}.Release|Any CPU.Deploy.0 = Release|Any CPU
		{D19E0A04-1727-4D64-A619-A12AB073757A}.Release|ARM.ActiveCfg = Release|ARM
		{D19E0A04-1727-4D64-A619-A12AB073757A}.Release|ARM.Build.0 = Release|ARM
		{D19E0A04-1727-4D64-A619-A12AB073757A}.Release|ARM.Deploy.0 = Release|ARM
		{D19E0A04-1727-4D64-A619-A12AB073757A}.Release|iPhone.ActiveCfg = Release|Any CPU
		{D19E0A04-1727-4D64-A619-A12AB073757A}.Release|iPhone.Build.0 = Release|Any CPU
		{D19E0A04-1727-4D64-A619-A12AB073757A}.Release|iPhone.Deploy.0 = Release|Any CPU
		{D19E0A04-1727-4D64-A619-A12AB073757A}.Release|iPhoneSimulator.ActiveCfg = Release|Any CPU
		{D19E0A04-1727-4D64-A619-A12AB073757A}.Release|iPhoneSimulator.Build.0 = Release|Any CPU
		{D19E0A04-1727-4D64-A619-A12AB073757A}.Release|iPhoneSimulator.Deploy.0 = Release|Any CPU
		{D19E0A04-1727-4D64-A619-A12AB073757A}.Release|x64.ActiveCfg = Release|x64
		{D19E0A04-1727-4D64-A619-A12AB073757A}.Release|x64.Build.0 = Release|x64
		{D19E0A04-1727-4D64-A619-A12AB073757A}.Release|x64.Deploy.0 = Release|x64
		{D19E0A04-1727-4D64-A619-A12AB073757A}.Release|x86.ActiveCfg = Release|x86
		{D19E0A04-1727-4D64-A619-A12AB073757A}.Release|x86.Build.0 = Release|x86
		{D19E0A04-1727-4D64-A619-A12AB073757A}.Release|x86.Deploy.0 = Release|x86
	EndGlobalSection
	GlobalSection(SolutionProperties) = preSolution
		HideSolutionNode = FALSE
	EndGlobalSection
EndGlobal
